
Microsoft Visual Studio Solution File, Format Version 12.00
# Visual Studio Version 16
VisualStudioVersion = 25.0.1700.0
MinimumVisualStudioVersion = 10.0.40219.1
Project("{FAE04EC0-301F-11D3-BF4B-00C04F79EFBC}") = "Scheduler", "MarketScreener\Scheduler.csproj", "{8322290B-DE29-4527-9EA8-2D1BABE036AF}"
EndProject
Project("{FAE04EC0-301F-11D3-BF4B-00C04F79EFBC}") = "DataFeed", "DataFeed\DataFeed.csproj", "{30F4C957-5DD8-4F00-B761-3267B007AEF3}"
EndProject
Project("{FAE04EC0-301F-11D3-BF4B-00C04F79EFBC}") = "Domain", "Model\Domain.csproj", "{441A2A0C-CB2C-46A5-AC2A-D85E2E95CB29}"
EndProject
Project("{FAE04EC0-301F-11D3-BF4B-00C04F79EFBC}") = "Application", "Application\Application.csproj", "{61712FA8-7C1E-4BB7-BA37-AED13935DF7A}"
EndProject
Global
	GlobalSection(SolutionConfigurationPlatforms) = preSolution
		Debug|Any CPU = Debug|Any CPU
		Release|Any CPU = Release|Any CPU
	EndGlobalSection
	GlobalSection(ProjectConfigurationPlatforms) = postSolution
		{8322290B-DE29-4527-9EA8-2D1BABE036AF}.Debug|Any CPU.ActiveCfg = Debug|Any CPU
		{8322290B-DE29-4527-9EA8-2D1BABE036AF}.Debug|Any CPU.Build.0 = Debug|Any CPU
		{8322290B-DE29-4527-9EA8-2D1BABE036AF}.Release|Any CPU.ActiveCfg = Release|Any CPU
		{8322290B-DE29-4527-9EA8-2D1BABE036AF}.Release|Any CPU.Build.0 = Release|Any CPU
		{30F4C957-5DD8-4F00-B761-3267B007AEF3}.Debug|Any CPU.ActiveCfg = Debug|Any CPU
		{30F4C957-5DD8-4F00-B761-3267B007AEF3}.Debug|Any CPU.Build.0 = Debug|Any CPU
		{30F4C957-5DD8-4F00-B761-3267B007AEF3}.Release|Any CPU.ActiveCfg = Release|Any CPU
		{30F4C957-5DD8-4F00-B761-3267B007AEF3}.Release|Any CPU.Build.0 = Release|Any CPU
		{441A2A0C-CB2C-46A5-AC2A-D85E2E95CB29}.Debug|Any CPU.ActiveCfg = Debug|Any CPU
		{441A2A0C-CB2C-46A5-AC2A-D85E2E95CB29}.Debug|Any CPU.Build.0 = Debug|Any CPU
		{441A2A0C-CB2C-46A5-AC2A-D85E2E95CB29}.Release|Any CPU.ActiveCfg = Release|Any CPU
		{441A2A0C-CB2C-46A5-AC2A-D85E2E95CB29}.Release|Any CPU.Build.0 = Release|Any CPU
		{61712FA8-7C1E-4BB7-BA37-AED13935DF7A}.Debug|Any CPU.ActiveCfg = Debug|Any CPU
		{61712FA8-7C1E-4BB7-BA37-AED13935DF7A}.Debug|Any CPU.Build.0 = Debug|Any CPU
		{61712FA8-7C1E-4BB7-BA37-AED13935DF7A}.Release|Any CPU.ActiveCfg = Release|Any CPU
		{61712FA8-7C1E-4BB7-BA37-AED13935DF7A}.Release|Any CPU.Build.0 = Release|Any CPU
	EndGlobalSection
	GlobalSection(SolutionProperties) = preSolution
		HideSolutionNode = FALSE
	EndGlobalSection
	GlobalSection(ExtensibilityGlobals) = postSolution
		SolutionGuid = {693CF289-8F8F-4A75-81FD-82788FFC3B4C}
	EndGlobalSection
EndGlobal
